
Microsoft Visual Studio Solution File, Format Version 12.00
# Visual Studio Version 16
VisualStudioVersion = 16.0.31702.278
MinimumVisualStudioVersion = 10.0.40219.1
Project("{FAE04EC0-301F-11D3-BF4B-00C04F79EFBC}") = "Polygon", "Polygon\Polygon.csproj", "{A65BFDFF-D7B5-42B7-8A41-8DD42B557A30}"
EndProject
Project("{FAE04EC0-301F-11D3-BF4B-00C04F79EFBC}") = "Солнечная система", "Солнечная система\Солнечная система.csproj", "{013947A6-209D-492B-B7EA-637710DC0ADF}"
EndProject
Global
	GlobalSection(SolutionConfigurationPlatforms) = preSolution
		Debug|Any CPU = Debug|Any CPU
		Release|Any CPU = Release|Any CPU
	EndGlobalSection
	GlobalSection(ProjectConfigurationPlatforms) = postSolution
		{A65BFDFF-D7B5-42B7-8A41-8DD42B557A30}.Debug|Any CPU.ActiveCfg = Debug|Any CPU
		{A65BFDFF-D7B5-42B7-8A41-8DD42B557A30}.Debug|Any CPU.Build.0 = Debug|Any CPU
		{A65BFDFF-D7B5-42B7-8A41-8DD42B557A30}.Release|Any CPU.ActiveCfg = Release|Any CPU
		{A65BFDFF-D7B5-42B7-8A41-8DD42B557A30}.Release|Any CPU.Build.0 = Release|Any CPU
		{013947A6-209D-492B-B7EA-637710DC0ADF}.Debug|Any CPU.ActiveCfg = Debug|Any CPU
		{013947A6-209D-492B-B7EA-637710DC0ADF}.Debug|Any CPU.Build.0 = Debug|Any CPU
		{013947A6-209D-492B-B7EA-637710DC0ADF}.Release|Any CPU.ActiveCfg = Release|Any CPU
		{013947A6-209D-492B-B7EA-637710DC0ADF}.Release|Any CPU.Build.0 = Release|Any CPU
	EndGlobalSection
	GlobalSection(SolutionProperties) = preSolution
		HideSolutionNode = FALSE
	EndGlobalSection
	GlobalSection(ExtensibilityGlobals) = postSolution
		SolutionGuid = {74C5342F-96EF-45EC-816C-2498E3D3BB9A}
	EndGlobalSection
EndGlobal
